{
  "name": "angular-ga-test-app",
  "lockfileVersion": 2,
  "requires": true,
  "packages": {
    "": {
      "dependencies": {
        "angulartics": "^1.6.0",
        "angulartics-google-analytics": "^0.5.0"
      }
    },
    "node_modules/angulartics": {
      "version": "1.6.0",
      "resolved": "https://registry.npmjs.org/angulartics/-/angulartics-1.6.0.tgz",
      "integrity": "sha512-fywhCi1InawcX+rpLv9NQ32Ed87KoZeH20SUIsRUz9dYJSxuk4/uxiKiopITveGxTC8THYHFEATj9Y/X+BvMqA=="
    },
    "node_modules/angulartics-google-analytics": {
      "version": "0.5.0",
      "resolved": "https://registry.npmjs.org/angulartics-google-analytics/-/angulartics-google-analytics-0.5.0.tgz",
      "integrity": "sha512-5kj0WjwbY/tPX5igzBIQm0DhVS+2Dud52UGbC9T/+X1ZvmhwtV7zuc8m7+KwixFra3iq5csVjK23gr3k83/lpg==",
      "peerDependencies": {
        "angulartics": "^1.0.0"
      }
    }
  },
  "dependencies": {
    "angulartics": {
      "version": "1.6.0",
      "resolved": "https://registry.npmjs.org/angulartics/-/angulartics-1.6.0.tgz",
      "integrity": "sha512-fywhCi1InawcX+rpLv9NQ32Ed87KoZeH20SUIsRUz9dYJSxuk4/uxiKiopITveGxTC8THYHFEATj9Y/X+BvMqA=="
    },
    "angulartics-google-analytics": {
      "version": "0.5.0",
      "resolved": "https://registry.npmjs.org/angulartics-google-analytics/-/angulartics-google-analytics-0.5.0.tgz",
      "integrity": "sha512-5kj0WjwbY/tPX5igzBIQm0DhVS+2Dud52UGbC9T/+X1ZvmhwtV7zuc8m7+KwixFra3iq5csVjK23gr3k83/lpg==",
      "requires": {}
    }
  }
}
